{
  "name": "nuclino-webhooks",
  "lockfileVersion": 3,
  "requires": true,
  "packages": {
    "": {
      "dependencies": {
        "@danielbuechele/sharedb": "^1.1.1",
        "dotenv": "^16.0.3",
        "node-fetch": "^2.0.0",
        "ws": "^4.0.0"
      }
    },
    "node_modules/@danielbuechele/sharedb": {
      "version": "1.1.1",
      "resolved": "https://registry.npmjs.org/@danielbuechele/sharedb/-/sharedb-1.1.1.tgz",
      "integrity": "sha512-VWIg/Z7nxDwu9/6QidG6PqRJVpekiyVPIRroIpxc4+kE9nbrp9yEFdFUcsaPJpmIFh+jie18jlEpDp1C0m9baA==",
      "dependencies": {
        "arraydiff": "^0.1.1",
        "async": "^1.4.2",
        "deep-is": "^0.1.3",
        "hat": "0.0.3",
        "make-error": "^1.1.1",
        "ot-json0": "^1.0.1"
      }
    },
    "node_modules/arraydiff": {
      "version": "0.1.3",
      "resolved": "https://registry.npmjs.org/arraydiff/-/arraydiff-0.1.3.tgz",
      "integrity": "sha512-t0OgO06uolEcMUvV8+yHc9Pc9pazh8wi/Dtyok/sQwvcr8iFV+P86IfAzK7upUDhI4oavhVREMY7iSWtm38LeA=="
    },
    "node_modules/async": {
      "version": "1.5.2",
      "resolved": "https://registry.npmjs.org/async/-/async-1.5.2.tgz",
      "integrity": "sha512-nSVgobk4rv61R9PUSDtYt7mPVB2olxNR5RWJcAsH676/ef11bUZwvu7+RGYrYauVdDPcO519v68wRhXQtxsV9w=="
    },
    "node_modules/async-limiter": {
      "version": "1.0.0",
      "resolved": "https://registry.npmjs.org/async-limiter/-/async-limiter-1.0.0.tgz",
      "integrity": "sha512-jp/uFnooOiO+L211eZOoSyzpOITMXx1rBITauYykG3BRYPu8h0UcxsPNB04RR5vo4Tyz3+ay17tR6JVf9qzYWg=="
    },
    "node_modules/deep-is": {
      "version": "0.1.3",
      "resolved": "https://registry.npmjs.org/deep-is/-/deep-is-0.1.3.tgz",
      "integrity": "sha512-GtxAN4HvBachZzm4OnWqc45ESpUCMwkYcsjnsPs23FwJbsO+k4t0k9bQCgOmzIlpHO28+WPK/KRbRk0DDHuuDw=="
    },
    "node_modules/dotenv": {
      "version": "16.0.3",
      "resolved": "https://registry.npmjs.org/dotenv/-/dotenv-16.0.3.tgz",
      "integrity": "sha512-7GO6HghkA5fYG9TYnNxi14/7K9f5occMlp3zXAuSxn7CKCxt9xbNWG7yF8hTCSUchlfWSe3uLmlPfigevRItzQ==",
      "engines": {
        "node": ">=12"
      }
    },
    "node_modules/hat": {
      "version": "0.0.3",
      "resolved": "https://registry.npmjs.org/hat/-/hat-0.0.3.tgz",
      "integrity": "sha512-zpImx2GoKXy42fVDSEad2BPKuSQdLcqsCYa48K3zHSzM/ugWuYjLDr8IXxpVuL7uCLHw56eaiLxCRthhOzf5ug==",
      "engines": {
        "node": "*"
      }
    },
    "node_modules/make-error": {
      "version": "1.3.2",
      "resolved": "https://registry.npmjs.org/make-error/-/make-error-1.3.2.tgz",
      "integrity": "sha512-l9ra35l5VWLF24y75Tg8XgfGLX0ueRhph118WKM6H5denx4bB5QF59+4UAm9oJ2qsPQZas/CQUDdtDdfvYHBdQ=="
    },
    "node_modules/node-fetch": {
      "version": "2.0.0",
      "resolved": "https://registry.npmjs.org/node-fetch/-/node-fetch-2.0.0.tgz",
      "integrity": "sha512-bici2HCWFnAghTYMcy12WPxrEwJ5qK7GQJOTwTfyEZjyL99ECWxbYQfabZ2U1zrHMKkOBE97Z9iHIuKQfCMdzQ==",
      "engines": {
        "node": "4.x || >=6.0.0"
      }
    },
    "node_modules/ot-json0": {
      "version": "1.0.1",
      "resolved": "https://registry.npmjs.org/ot-json0/-/ot-json0-1.0.1.tgz",
      "integrity": "sha512-aIIAVogWmn9yjzwU2RYunKfmpLPHlgA3MeQPuGgJcT6NW/Qbn1NLLgdSHJj1i75ar8QWE1C1ZnpHCOE71sQHlw=="
    },
    "node_modules/safe-buffer": {
      "version": "5.1.1",
      "resolved": "https://registry.npmjs.org/safe-buffer/-/safe-buffer-5.1.1.tgz",
      "integrity": "sha512-kKvNJn6Mm93gAczWVJg7wH+wGYWNrDHdWvpUmHyEsgCtIwwo3bqPtV4tR5tuPaUhTOo/kvhVwd8XwwOllGYkbg=="
    },
    "node_modules/ultron": {
      "version": "1.1.1",
      "resolved": "https://registry.npmjs.org/ultron/-/ultron-1.1.1.tgz",
      "integrity": "sha512-UIEXBNeYmKptWH6z8ZnqTeS8fV74zG0/eRU9VGkpzz+LIJNs8W/zM/L+7ctCkRrgbNnnR0xxw4bKOr0cW0N0Og=="
    },
    "node_modules/ws": {
      "version": "4.0.0",
      "resolved": "https://registry.npmjs.org/ws/-/ws-4.0.0.tgz",
      "integrity": "sha512-QYslsH44bH8O7/W2815u5DpnCpXWpEK44FmaHffNwgJI4JMaSZONgPBTOfrxJ29mXKbXak+LsJ2uAkDTYq2ptQ==",
      "dependencies": {
        "async-limiter": "~1.0.0",
        "safe-buffer": "~5.1.0",
        "ultron": "~1.1.0"
      }
    }
  }
}
